
Microsoft Visual Studio Solution File, Format Version 12.00
# Visual Studio Version 16
VisualStudioVersion = 16.0.30011.22
MinimumVisualStudioVersion = 10.0.40219.1
Project("{9A19103F-16F7-4668-BE54-9A1E7A4F7556}") = "JeuStarWars", "JeuStarWars\JeuStarWars.csproj", "{D709343E-62A9-4D3C-A8AC-7246053C42BD}"
EndProject
Project("{FAE04EC0-301F-11D3-BF4B-00C04F79EFBC}") = "Services", "DomainServices\Services.csproj", "{7A419534-1913-426A-9A96-3058647718F5}"
EndProject
Project("{FAE04EC0-301F-11D3-BF4B-00C04F79EFBC}") = "Data", "Data\Data.csproj", "{5072F7BB-5DCB-48D5-A418-0ED26F4C1BE3}"
EndProject
Project("{FAE04EC0-301F-11D3-BF4B-00C04F79EFBC}") = "Entities", "Entities\Entities.csproj", "{3EA5A8B3-9D8E-4179-8C31-C8CCDEBA3CEB}"
EndProject
Global
	GlobalSection(SolutionConfigurationPlatforms) = preSolution
		Debug|Any CPU = Debug|Any CPU
		Release|Any CPU = Release|Any CPU
	EndGlobalSection
	GlobalSection(ProjectConfigurationPlatforms) = postSolution
		{D709343E-62A9-4D3C-A8AC-7246053C42BD}.Debug|Any CPU.ActiveCfg = Debug|Any CPU
		{D709343E-62A9-4D3C-A8AC-7246053C42BD}.Debug|Any CPU.Build.0 = Debug|Any CPU
		{D709343E-62A9-4D3C-A8AC-7246053C42BD}.Release|Any CPU.ActiveCfg = Release|Any CPU
		{D709343E-62A9-4D3C-A8AC-7246053C42BD}.Release|Any CPU.Build.0 = Release|Any CPU
		{7A419534-1913-426A-9A96-3058647718F5}.Debug|Any CPU.ActiveCfg = Debug|Any CPU
		{7A419534-1913-426A-9A96-3058647718F5}.Debug|Any CPU.Build.0 = Debug|Any CPU
		{7A419534-1913-426A-9A96-3058647718F5}.Release|Any CPU.ActiveCfg = Release|Any CPU
		{7A419534-1913-426A-9A96-3058647718F5}.Release|Any CPU.Build.0 = Release|Any CPU
		{5072F7BB-5DCB-48D5-A418-0ED26F4C1BE3}.Debug|Any CPU.ActiveCfg = Debug|Any CPU
		{5072F7BB-5DCB-48D5-A418-0ED26F4C1BE3}.Debug|Any CPU.Build.0 = Debug|Any CPU
		{5072F7BB-5DCB-48D5-A418-0ED26F4C1BE3}.Release|Any CPU.ActiveCfg = Release|Any CPU
		{5072F7BB-5DCB-48D5-A418-0ED26F4C1BE3}.Release|Any CPU.Build.0 = Release|Any CPU
		{3EA5A8B3-9D8E-4179-8C31-C8CCDEBA3CEB}.Debug|Any CPU.ActiveCfg = Debug|Any CPU
		{3EA5A8B3-9D8E-4179-8C31-C8CCDEBA3CEB}.Debug|Any CPU.Build.0 = Debug|Any CPU
		{3EA5A8B3-9D8E-4179-8C31-C8CCDEBA3CEB}.Release|Any CPU.ActiveCfg = Release|Any CPU
		{3EA5A8B3-9D8E-4179-8C31-C8CCDEBA3CEB}.Release|Any CPU.Build.0 = Release|Any CPU
	EndGlobalSection
	GlobalSection(SolutionProperties) = preSolution
		HideSolutionNode = FALSE
	EndGlobalSection
	GlobalSection(ExtensibilityGlobals) = postSolution
		SolutionGuid = {66585BA0-F6CC-4ADB-B528-9A23105D37AE}
	EndGlobalSection
EndGlobal
